
Microsoft Visual Studio Solution File, Format Version 12.00
# Visual Studio 15
VisualStudioVersion = 15.0.27130.2010
MinimumVisualStudioVersion = 10.0.40219.1
Project("{FAE04EC0-301F-11D3-BF4B-00C04F79EFBC}") = "Common.Functions.ExtractZipToNewSubdirectory", "Common.Functions.ExtractZipToNewSubdirectory\Common.Functions.ExtractZipToNewSubdirectory.csproj", "{FBB182A7-559E-406D-8BB4-5692D03A6068}"
EndProject
Global
	GlobalSection(SolutionConfigurationPlatforms) = preSolution
		Debug|Any CPU = Debug|Any CPU
		Release|Any CPU = Release|Any CPU
	EndGlobalSection
	GlobalSection(ProjectConfigurationPlatforms) = postSolution
		{FBB182A7-559E-406D-8BB4-5692D03A6068}.Debug|Any CPU.ActiveCfg = Debug|Any CPU
		{FBB182A7-559E-406D-8BB4-5692D03A6068}.Debug|Any CPU.Build.0 = Debug|Any CPU
		{FBB182A7-559E-406D-8BB4-5692D03A6068}.Release|Any CPU.ActiveCfg = Release|Any CPU
		{FBB182A7-559E-406D-8BB4-5692D03A6068}.Release|Any CPU.Build.0 = Release|Any CPU
	EndGlobalSection
	GlobalSection(SolutionProperties) = preSolution
		HideSolutionNode = FALSE
	EndGlobalSection
	GlobalSection(ExtensibilityGlobals) = postSolution
		SolutionGuid = {340A86A3-FB34-4D25-9EEC-9B5FDED49FA2}
	EndGlobalSection
EndGlobal
